
Microsoft Visual Studio Solution File, Format Version 12.00
# Visual Studio Version 16
VisualStudioVersion = 16.0.30523.141
MinimumVisualStudioVersion = 10.0.40219.1
Project("{FAE04EC0-301F-11D3-BF4B-00C04F79EFBC}") = "Multithreading Race Condition", "Multithreading Race Condition\Multithreading Race Condition.csproj", "{73CE0227-1731-418B-94E9-C5DC8C5E2A81}"
EndProject
Project("{FAE04EC0-301F-11D3-BF4B-00C04F79EFBC}") = "Multithreading Race Condition Fixed", "Multithreading Race Condition Fixed\Multithreading Race Condition Fixed.csproj", "{4C6B2394-E4C6-4F48-BD51-8BF201EDF923}"
EndProject
Global
	GlobalSection(SolutionConfigurationPlatforms) = preSolution
		Debug|Any CPU = Debug|Any CPU
		Release|Any CPU = Release|Any CPU
	EndGlobalSection
	GlobalSection(ProjectConfigurationPlatforms) = postSolution
		{73CE0227-1731-418B-94E9-C5DC8C5E2A81}.Debug|Any CPU.ActiveCfg = Debug|Any CPU
		{73CE0227-1731-418B-94E9-C5DC8C5E2A81}.Debug|Any CPU.Build.0 = Debug|Any CPU
		{73CE0227-1731-418B-94E9-C5DC8C5E2A81}.Release|Any CPU.ActiveCfg = Release|Any CPU
		{73CE0227-1731-418B-94E9-C5DC8C5E2A81}.Release|Any CPU.Build.0 = Release|Any CPU
		{4C6B2394-E4C6-4F48-BD51-8BF201EDF923}.Debug|Any CPU.ActiveCfg = Debug|Any CPU
		{4C6B2394-E4C6-4F48-BD51-8BF201EDF923}.Debug|Any CPU.Build.0 = Debug|Any CPU
		{4C6B2394-E4C6-4F48-BD51-8BF201EDF923}.Release|Any CPU.ActiveCfg = Release|Any CPU
		{4C6B2394-E4C6-4F48-BD51-8BF201EDF923}.Release|Any CPU.Build.0 = Release|Any CPU
	EndGlobalSection
	GlobalSection(SolutionProperties) = preSolution
		HideSolutionNode = FALSE
	EndGlobalSection
	GlobalSection(ExtensibilityGlobals) = postSolution
		SolutionGuid = {954FC9EC-D9B4-474D-9695-D5F5F92EFD73}
	EndGlobalSection
EndGlobal
